// !$*UTF8*$!
{
	archiveVersion = 1;
	classes = {
	};
	objectVersion = 46;
	objects = {

/* Begin PBXBuildFile section */
		3F81C88919D2AFCC00A4A8A2 /* AppDelegate.swift in Sources */ = {isa = PBXBuildFile; fileRef = 3F81C88819D2AFCC00A4A8A2 /* AppDelegate.swift */; };
		3F81C88B19D2AFCC00A4A8A2 /* ViewController.swift in Sources */ = {isa = PBXBuildFile; fileRef = 3F81C88A19D2AFCC00A4A8A2 /* ViewController.swift */; };
		3F81C88E19D2AFCC00A4A8A2 /* Main.storyboard in Resources */ = {isa = PBXBuildFile; fileRef = 3F81C88C19D2AFCC00A4A8A2 /* Main.storyboard */; };
		3F81C89019D2AFCC00A4A8A2 /* Images.xcassets in Resources */ = {isa = PBXBuildFile; fileRef = 3F81C88F19D2AFCC00A4A8A2 /* Images.xcassets */; };
		3F81C89319D2AFCC00A4A8A2 /* LaunchScreen.xib in Resources */ = {isa = PBXBuildFile; fileRef = 3F81C89119D2AFCC00A4A8A2 /* LaunchScreen.xib */; };
		3F81C89F19D2AFCD00A4A8A2 /* RandomTests.swift in Sources */ = {isa = PBXBuildFile; fileRef = 3F81C89E19D2AFCD00A4A8A2 /* RandomTests.swift */; };
		3F81C8AB19D2B64600A4A8A2 /* Bus.png in Resources */ = {isa = PBXBuildFile; fileRef = 3F81C8A819D2B64600A4A8A2 /* Bus.png */; };
		3F81C8AC19D2B64600A4A8A2 /* Helicopter.png in Resources */ = {isa = PBXBuildFile; fileRef = 3F81C8A919D2B64600A4A8A2 /* Helicopter.png */; };
		3F81C8AD19D2B64600A4A8A2 /* Truck.png in Resources */ = {isa = PBXBuildFile; fileRef = 3F81C8AA19D2B64600A4A8A2 /* Truck.png */; };
/* End PBXBuildFile section */

/* Begin PBXContainerItemProxy section */
		3F81C89919D2AFCD00A4A8A2 /* PBXContainerItemProxy */ = {
			isa = PBXContainerItemProxy;
			containerPortal = 3F81C87B19D2AFCC00A4A8A2 /* Project object */;
			proxyType = 1;
			remoteGlobalIDString = 3F81C88219D2AFCC00A4A8A2;
			remoteInfo = Random;
		};
/* End PBXContainerItemProxy section */

/* Begin PBXFileReference section */
		3F81C88319D2AFCC00A4A8A2 /* Random.app */ = {isa = PBXFileReference; explicitFileType = wrapper.application; includeInIndex = 0; path = Random.app; sourceTree = BUILT_PRODUCTS_DIR; };
		3F81C88719D2AFCC00A4A8A2 /* Info.plist */ = {isa = PBXFileReference; lastKnownFileType = text.plist.xml; path = Info.plist; sourceTree = "<group>"; };
		3F81C88819D2AFCC00A4A8A2 /* AppDelegate.swift */ = {isa = PBXFileReference; lastKnownFileType = sourcecode.swift; path = AppDelegate.swift; sourceTree = "<group>"; };
		3F81C88A19D2AFCC00A4A8A2 /* ViewController.swift */ = {isa = PBXFileReference; lastKnownFileType = sourcecode.swift; path = ViewController.swift; sourceTree = "<group>"; };
		3F81C88D19D2AFCC00A4A8A2 /* Base */ = {isa = PBXFileReference; lastKnownFileType = file.storyboard; name = Base; path = Base.lproj/Main.storyboard; sourceTree = "<group>"; };
		3F81C88F19D2AFCC00A4A8A2 /* Images.xcassets */ = {isa = PBXFileReference; lastKnownFileType = folder.assetcatalog; path = Images.xcassets; sourceTree = "<group>"; };
		3F81C89219D2AFCC00A4A8A2 /* Base */ = {isa = PBXFileReference; lastKnownFileType = file.xib; name = Base; path = Base.lproj/LaunchScreen.xib; sourceTree = "<group>"; };
		3F81C89819D2AFCD00A4A8A2 /* RandomTests.xctest */ = {isa = PBXFileReference; explicitFileType = wrapper.cfbundle; includeInIndex = 0; path = RandomTests.xctest; sourceTree = BUILT_PRODUCTS_DIR; };
		3F81C89D19D2AFCD00A4A8A2 /* Info.plist */ = {isa = PBXFileReference; lastKnownFileType = text.plist.xml; path = Info.plist; sourceTree = "<group>"; };
		3F81C89E19D2AFCD00A4A8A2 /* RandomTests.swift */ = {isa = PBXFileReference; lastKnownFileType = sourcecode.swift; path = RandomTests.swift; sourceTree = "<group>"; };
		3F81C8A819D2B64600A4A8A2 /* Bus.png */ = {isa = PBXFileReference; lastKnownFileType = image.png; path = Bus.png; sourceTree = "<group>"; };
		3F81C8A919D2B64600A4A8A2 /* Helicopter.png */ = {isa = PBXFileReference; lastKnownFileType = image.png; path = Helicopter.png; sourceTree = "<group>"; };
		3F81C8AA19D2B64600A4A8A2 /* Truck.png */ = {isa = PBXFileReference; lastKnownFileType = image.png; path = Truck.png; sourceTree = "<group>"; };
/* End PBXFileReference section */

/* Begin PBXFrameworksBuildPhase section */
		3F81C88019D2AFCC00A4A8A2 /* Frameworks */ = {
			isa = PBXFrameworksBuildPhase;
			buildActionMask = 2147483647;
			files = (
			);
			runOnlyForDeploymentPostprocessing = 0;
		};
		3F81C89519D2AFCD00A4A8A2 /* Frameworks */ = {
			isa = PBXFrameworksBuildPhase;
			buildActionMask = 2147483647;
			files = (
			);
			runOnlyForDeploymentPostprocessing = 0;
		};
/* End PBXFrameworksBuildPhase section */

/* Begin PBXGroup section */
		3F81C87A19D2AFCC00A4A8A2 = {
			isa = PBXGroup;
			children = (
				3F81C88519D2AFCC00A4A8A2 /* Random */,
				3F81C89B19D2AFCD00A4A8A2 /* RandomTests */,
				3F81C88419D2AFCC00A4A8A2 /* Products */,
			);
			sourceTree = "<group>";
		};
		3F81C88419D2AFCC00A4A8A2 /* Products */ = {
			isa = PBXGroup;
			children = (
				3F81C88319D2AFCC00A4A8A2 /* Random.app */,
				3F81C89819D2AFCD00A4A8A2 /* RandomTests.xctest */,
			);
			name = Products;
			sourceTree = "<group>";
		};
		3F81C88519D2AFCC00A4A8A2 /* Random */ = {
			isa = PBXGroup;
			children = (
				3F81C88819D2AFCC00A4A8A2 /* AppDelegate.swift */,
				3F81C88A19D2AFCC00A4A8A2 /* ViewController.swift */,
				3F81C88C19D2AFCC00A4A8A2 /* Main.storyboard */,
				3F81C88F19D2AFCC00A4A8A2 /* Images.xcassets */,
				3F81C89119D2AFCC00A4A8A2 /* LaunchScreen.xib */,
				3F81C88619D2AFCC00A4A8A2 /* Supporting Files */,
			);
			path = Random;
			sourceTree = "<group>";
		};
		3F81C88619D2AFCC00A4A8A2 /* Supporting Files */ = {
			isa = PBXGroup;
			children = (
				3F81C8A819D2B64600A4A8A2 /* Bus.png */,
				3F81C8A919D2B64600A4A8A2 /* Helicopter.png */,
				3F81C8AA19D2B64600A4A8A2 /* Truck.png */,
				3F81C88719D2AFCC00A4A8A2 /* Info.plist */,
			);
			name = "Supporting Files";
			sourceTree = "<group>";
		};
		3F81C89B19D2AFCD00A4A8A2 /* RandomTests */ = {
			isa = PBXGroup;
			children = (
				3F81C89E19D2AFCD00A4A8A2 /* RandomTests.swift */,
				3F81C89C19D2AFCD00A4A8A2 /* Supporting Files */,
			);
			path = RandomTests;
			sourceTree = "<group>";
		};
		3F81C89C19D2AFCD00A4A8A2 /* Supporting Files */ = {
			isa = PBXGroup;
			children = (
				3F81C89D19D2AFCD00A4A8A2 /* Info.plist */,
			);
			name = "Supporting Files";
			sourceTree = "<group>";
		};
/* End PBXGroup section */

/* Begin PBXNativeTarget section */
		3F81C88219D2AFCC00A4A8A2 /* Random */ = {
			isa = PBXNativeTarget;
			buildConfigurationList = 3F81C8A219D2AFCD00A4A8A2 /* Build configuration list for PBXNativeTarget "Random" */;
			buildPhases = (
				3F81C87F19D2AFCC00A4A8A2 /* Sources */,
				3F81C88019D2AFCC00A4A8A2 /* Frameworks */,
				3F81C88119D2AFCC00A4A8A2 /* Resources */,
			);
			buildRules = (
			);
			dependencies = (
			);
			name = Random;
			productName = Random;
			productReference = 3F81C88319D2AFCC00A4A8A2 /* Random.app */;
			productType = "com.apple.product-type.application";
		};
		3F81C89719D2AFCD00A4A8A2 /* RandomTests */ = {
			isa = PBXNativeTarget;
			buildConfigurationList = 3F81C8A519D2AFCD00A4A8A2 /* Build configuration list for PBXNativeTarget "RandomTests" */;
			buildPhases = (
				3F81C89419D2AFCD00A4A8A2 /* Sources */,
				3F81C89519D2AFCD00A4A8A2 /* Frameworks */,
				3F81C89619D2AFCD00A4A8A2 /* Resources */,
			);
			buildRules = (
			);
			dependencies = (
				3F81C89A19D2AFCD00A4A8A2 /* PBXTargetDependency */,
			);
			name = RandomTests;
			productName = RandomTests;
			productReference = 3F81C89819D2AFCD00A4A8A2 /* RandomTests.xctest */;
			productType = "com.apple.product-type.bundle.unit-test";
		};
/* End PBXNativeTarget section */

/* Begin PBXProject section */
		3F81C87B19D2AFCC00A4A8A2 /* Project object */ = {
			isa = PBXProject;
			attributes = {
				LastUpgradeCheck = 0600;
				ORGANIZATIONNAME = Student;
				TargetAttributes = {
					3F81C88219D2AFCC00A4A8A2 = {
						CreatedOnToolsVersion = 6.0;
					};
					3F81C89719D2AFCD00A4A8A2 = {
						CreatedOnToolsVersion = 6.0;
						TestTargetID = 3F81C88219D2AFCC00A4A8A2;
					};
				};
			};
			buildConfigurationList = 3F81C87E19D2AFCC00A4A8A2 /* Build configuration list for PBXProject "Random" */;
			compatibilityVersion = "Xcode 3.2";
			developmentRegion = English;
			hasScannedForEncodings = 0;
			knownRegions = (
				en,
				Base,
			);
			mainGroup = 3F81C87A19D2AFCC00A4A8A2;
			productRefGroup = 3F81C88419D2AFCC00A4A8A2 /* Products */;
			projectDirPath = "";
			projectRoot = "";
			targets = (
				3F81C88219D2AFCC00A4A8A2 /* Random */,
				3F81C89719D2AFCD00A4A8A2 /* RandomTests */,
			);
		};
/* End PBXProject section */

/* Begin PBXResourcesBuildPhase section */
		3F81C88119D2AFCC00A4A8A2 /* Resources */ = {
			isa = PBXResourcesBuildPhase;
			buildActionMask = 2147483647;
			files = (
				3F81C8AC19D2B64600A4A8A2 /* Helicopter.png in Resources */,
				3F81C8AB19D2B64600A4A8A2 /* Bus.png in Resources */,
				3F81C88E19D2AFCC00A4A8A2 /* Main.storyboard in Resources */,
				3F81C8AD19D2B64600A4A8A2 /* Truck.png in Resources */,
				3F81C89319D2AFCC00A4A8A2 /* LaunchScreen.xib in Resources */,
				3F81C89019D2AFCC00A4A8A2 /* Images.xcassets in Resources */,
			);
			runOnlyForDeploymentPostprocessing = 0;
		};
		3F81C89619D2AFCD00A4A8A2 /* Resources */ = {
			isa = PBXResourcesBuildPhase;
			buildActionMask = 2147483647;
			files = (
			);
			runOnlyForDeploymentPostprocessing = 0;
		};
/* End PBXResourcesBuildPhase section */

/* Begin PBXSourcesBuildPhase section */
		3F81C87F19D2AFCC00A4A8A2 /* Sources */ = {
			isa = PBXSourcesBuildPhase;
			buildActionMask = 2147483647;
			files = (
				3F81C88B19D2AFCC00A4A8A2 /* ViewController.swift in Sources */,
				3F81C88919D2AFCC00A4A8A2 /* AppDelegate.swift in Sources */,
			);
			runOnlyForDeploymentPostprocessing = 0;
		};
		3F81C89419D2AFCD00A4A8A2 /* Sources */ = {
			isa = PBXSourcesBuildPhase;
			buildActionMask = 2147483647;
			files = (
				3F81C89F19D2AFCD00A4A8A2 /* RandomTests.swift in Sources */,
			);
			runOnlyForDeploymentPostprocessing = 0;
		};
/* End PBXSourcesBuildPhase section */

/* Begin PBXTargetDependency section */
		3F81C89A19D2AFCD00A4A8A2 /* PBXTargetDependency */ = {
			isa = PBXTargetDependency;
			target = 3F81C88219D2AFCC00A4A8A2 /* Random */;
			targetProxy = 3F81C89919D2AFCD00A4A8A2 /* PBXContainerItemProxy */;
		};
/* End PBXTargetDependency section */

/* Begin PBXVariantGroup section */
		3F81C88C19D2AFCC00A4A8A2 /* Main.storyboard */ = {
			isa = PBXVariantGroup;
			children = (
				3F81C88D19D2AFCC00A4A8A2 /* Base */,
			);
			name = Main.storyboard;
			sourceTree = "<group>";
		};
		3F81C89119D2AFCC00A4A8A2 /* LaunchScreen.xib */ = {
			isa = PBXVariantGroup;
			children = (
				3F81C89219D2AFCC00A4A8A2 /* Base */,
			);
			name = LaunchScreen.xib;
			sourceTree = "<group>";
		};
/* End PBXVariantGroup section */

/* Begin XCBuildConfiguration section */
		3F81C8A019D2AFCD00A4A8A2 /* Debug */ = {
			isa = XCBuildConfiguration;
			buildSettings = {
				ALWAYS_SEARCH_USER_PATHS = NO;
				CLANG_CXX_LANGUAGE_STANDARD = "gnu++0x";
				CLANG_CXX_LIBRARY = "libc++";
				CLANG_ENABLE_MODULES = YES;
				CLANG_ENABLE_OBJC_ARC = YES;
				CLANG_WARN_BOOL_CONVERSION = YES;
				CLANG_WARN_CONSTANT_CONVERSION = YES;
				CLANG_WARN_DIRECT_OBJC_ISA_USAGE = YES_ERROR;
				CLANG_WARN_EMPTY_BODY = YES;
				CLANG_WARN_ENUM_CONVERSION = YES;
				CLANG_WARN_INT_CONVERSION = YES;
				CLANG_WARN_OBJC_ROOT_CLASS = YES_ERROR;
				CLANG_WARN_UNREACHABLE_CODE = YES;
				CLANG_WARN__DUPLICATE_METHOD_MATCH = YES;
				"CODE_SIGN_IDENTITY[sdk=iphoneos*]" = "iPhone Developer";
				COPY_PHASE_STRIP = NO;
				ENABLE_STRICT_OBJC_MSGSEND = YES;
				GCC_C_LANGUAGE_STANDARD = gnu99;
				GCC_DYNAMIC_NO_PIC = NO;
				GCC_OPTIMIZATION_LEVEL = 0;
				GCC_PREPROCESSOR_DEFINITIONS = (
					"DEBUG=1",
					"$(inherited)",
				);
				GCC_SYMBOLS_PRIVATE_EXTERN = NO;
				GCC_WARN_64_TO_32_BIT_CONVERSION = YES;
				GCC_WARN_ABOUT_RETURN_TYPE = YES_ERROR;
				GCC_WARN_UNDECLARED_SELECTOR = YES;
				GCC_WARN_UNINITIALIZED_AUTOS = YES_AGGRESSIVE;
				GCC_WARN_UNUSED_FUNCTION = YES;
				GCC_WARN_UNUSED_VARIABLE = YES;
				IPHONEOS_DEPLOYMENT_TARGET = 8.0;
				MTL_ENABLE_DEBUG_INFO = YES;
				ONLY_ACTIVE_ARCH = YES;
				SDKROOT = iphoneos;
				SWIFT_OPTIMIZATION_LEVEL = "-Onone";
			};
			name = Debug;
		};
		3F81C8A119D2AFCD00A4A8A2 /* Release */ = {
			isa = XCBuildConfiguration;
			buildSettings = {
				ALWAYS_SEARCH_USER_PATHS = NO;
				CLANG_CXX_LANGUAGE_STANDARD = "gnu++0x";
				CLANG_CXX_LIBRARY = "libc++";
				CLANG_ENABLE_MODULES = YES;
				CLANG_ENABLE_OBJC_ARC = YES;
				CLANG_WARN_BOOL_CONVERSION = YES;
				CLANG_WARN_CONSTANT_CONVERSION = YES;
				CLANG_WARN_DIRECT_OBJC_ISA_USAGE = YES_ERROR;
				CLANG_WARN_EMPTY_BODY = YES;
				CLANG_WARN_ENUM_CONVERSION = YES;
				CLANG_WARN_INT_CONVERSION = YES;
				CLANG_WARN_OBJC_ROOT_CLASS = YES_ERROR;
				CLANG_WARN_UNREACHABLE_CODE = YES;
				CLANG_WARN__DUPLICATE_METHOD_MATCH = YES;
				"CODE_SIGN_IDENTITY[sdk=iphoneos*]" = "iPhone Developer";
				COPY_PHASE_STRIP = YES;
				ENABLE_NS_ASSERTIONS = NO;
				ENABLE_STRICT_OBJC_MSGSEND = YES;
				GCC_C_LANGUAGE_STANDARD = gnu99;
				GCC_WARN_64_TO_32_BIT_CONVERSION = YES;
				GCC_WARN_ABOUT_RETURN_TYPE = YES_ERROR;
				GCC_WARN_UNDECLARED_SELECTOR = YES;
				GCC_WARN_UNINITIALIZED_AUTOS = YES_AGGRESSIVE;
				GCC_WARN_UNUSED_FUNCTION = YES;
				GCC_WARN_UNUSED_VARIABLE = YES;
				IPHONEOS_DEPLOYMENT_TARGET = 8.0;
				MTL_ENABLE_DEBUG_INFO = NO;
				SDKROOT = iphoneos;
				VALIDATE_PRODUCT = YES;
			};
			name = Release;
		};
		3F81C8A319D2AFCD00A4A8A2 /* Debug */ = {
			isa = XCBuildConfiguration;
			buildSettings = {
				ASSETCATALOG_COMPILER_APPICON_NAME = AppIcon;
				INFOPLIST_FILE = Random/Info.plist;
				LD_RUNPATH_SEARCH_PATHS = "$(inherited) @executable_path/Frameworks";
				PRODUCT_NAME = "$(TARGET_NAME)";
			};
			name = Debug;
		};
		3F81C8A419D2AFCD00A4A8A2 /* Release */ = {
			isa = XCBuildConfiguration;
			buildSettings = {
				ASSETCATALOG_COMPILER_APPICON_NAME = AppIcon;
				INFOPLIST_FILE = Random/Info.plist;
				LD_RUNPATH_SEARCH_PATHS = "$(inherited) @executable_path/Frameworks";
				PRODUCT_NAME = "$(TARGET_NAME)";
			};
			name = Release;
		};
		3F81C8A619D2AFCD00A4A8A2 /* Debug */ = {
			isa = XCBuildConfiguration;
			buildSettings = {
				BUNDLE_LOADER = "$(TEST_HOST)";
				FRAMEWORK_SEARCH_PATHS = (
					"$(SDKROOT)/Developer/Library/Frameworks",
					"$(inherited)",
				);
				GCC_PREPROCESSOR_DEFINITIONS = (
					"DEBUG=1",
					"$(inherited)",
				);
				INFOPLIST_FILE = RandomTests/Info.plist;
				LD_RUNPATH_SEARCH_PATHS = "$(inherited) @executable_path/Frameworks @loader_path/Frameworks";
				PRODUCT_NAME = "$(TARGET_NAME)";
				TEST_HOST = "$(BUILT_PRODUCTS_DIR)/Random.app/Random";
			};
			name = Debug;
		};
		3F81C8A719D2AFCD00A4A8A2 /* Release */ = {
			isa = XCBuildConfiguration;
			buildSettings = {
				BUNDLE_LOADER = "$(TEST_HOST)";
				FRAMEWORK_SEARCH_PATHS = (
					"$(SDKROOT)/Developer/Library/Frameworks",
					"$(inherited)",
				);
				INFOPLIST_FILE = RandomTests/Info.plist;
				LD_RUNPATH_SEARCH_PATHS = "$(inherited) @executable_path/Frameworks @loader_path/Frameworks";
				PRODUCT_NAME = "$(TARGET_NAME)";
				TEST_HOST = "$(BUILT_PRODUCTS_DIR)/Random.app/Random";
			};
			name = Release;
		};
/* End XCBuildConfiguration section */

/* Begin XCConfigurationList section */
		3F81C87E19D2AFCC00A4A8A2 /* Build configuration list for PBXProject "Random" */ = {
			isa = XCConfigurationList;
			buildConfigurations = (
				3F81C8A019D2AFCD00A4A8A2 /* Debug */,
				3F81C8A119D2AFCD00A4A8A2 /* Release */,
			);
			defaultConfigurationIsVisible = 0;
			defaultConfigurationName = Release;
		};
		3F81C8A219D2AFCD00A4A8A2 /* Build configuration list for PBXNativeTarget "Random" */ = {
			isa = XCConfigurationList;
			buildConfigurations = (
				3F81C8A319D2AFCD00A4A8A2 /* Debug */,
				3F81C8A419D2AFCD00A4A8A2 /* Release */,
			);
			defaultConfigurationIsVisible = 0;
		};
		3F81C8A519D2AFCD00A4A8A2 /* Build configuration list for PBXNativeTarget "RandomTests" */ = {
			isa = XCConfigurationList;
			buildConfigurations = (
				3F81C8A619D2AFCD00A4A8A2 /* Debug */,
				3F81C8A719D2AFCD00A4A8A2 /* Release */,
			);
			defaultConfigurationIsVisible = 0;
		};
/* End XCConfigurationList section */
	};
	rootObject = 3F81C87B19D2AFCC00A4A8A2 /* Project object */;
}
